
Microsoft Visual Studio Solution File, Format Version 12.00
# Visual Studio Version 17
VisualStudioVersion = 17.3.32922.545
MinimumVisualStudioVersion = 10.0.40219.1
Project("{9A19103F-16F7-4668-BE54-9A1E7A4F7556}") = "BrnoAiDaysWorkshop", "BrnoAiDaysWorkshop\BrnoAiDaysWorkshop.csproj", "{9B0B9C9A-E46E-4296-A24E-FD93CED339C6}"
EndProject
Project("{9A19103F-16F7-4668-BE54-9A1E7A4F7556}") = "BrnoAiDaysWorkshop.Training", "BrnoAiDaysWorkshop.Training\BrnoAiDaysWorkshop.Training.csproj", "{4EDBFD42-4B25-4FFE-9C54-0E0913C12A64}"
EndProject
Project("{9A19103F-16F7-4668-BE54-9A1E7A4F7556}") = "BrnoAiDaysWorkshop.Evaluation", "BrnoAiDaysWorkshop.Evaluation\BrnoAiDaysWorkshop.Evaluation.csproj", "{5499131E-699F-4899-A5AB-FE1DC6AB8BA4}"
EndProject
Project("{9A19103F-16F7-4668-BE54-9A1E7A4F7556}") = "BrnoAiDaysWorkshop.TryIt", "BrnoAiDaysWorkshop.TryIt\BrnoAiDaysWorkshop.TryIt.csproj", "{14226046-788E-444C-91E1-4924D72801D5}"
EndProject
Project("{9A19103F-16F7-4668-BE54-9A1E7A4F7556}") = "BrnoAiDaysWorkshop.TryIt.MiniAPI", "BrnoAiDaysWorkshop.TryIt.MiniAPI\BrnoAiDaysWorkshop.TryIt.MiniAPI.csproj", "{405B1874-FFB4-48A9-B9D9-B85E10A87F3D}"
EndProject
Project("{FAE04EC0-301F-11D3-BF4B-00C04F79EFBC}") = "BrnoAiDaysWorkshop.Augmentation", "BrnoAiDaysWorkshop.Augmentation\BrnoAiDaysWorkshop.Augmentation.csproj", "{41C1F29A-F06B-4B91-9BFA-9319766EC9BE}"
EndProject
Global
	GlobalSection(SolutionConfigurationPlatforms) = preSolution
		Debug|Any CPU = Debug|Any CPU
		Release|Any CPU = Release|Any CPU
	EndGlobalSection
	GlobalSection(ProjectConfigurationPlatforms) = postSolution
		{9B0B9C9A-E46E-4296-A24E-FD93CED339C6}.Debug|Any CPU.ActiveCfg = Debug|Any CPU
		{9B0B9C9A-E46E-4296-A24E-FD93CED339C6}.Debug|Any CPU.Build.0 = Debug|Any CPU
		{9B0B9C9A-E46E-4296-A24E-FD93CED339C6}.Release|Any CPU.ActiveCfg = Release|Any CPU
		{9B0B9C9A-E46E-4296-A24E-FD93CED339C6}.Release|Any CPU.Build.0 = Release|Any CPU
		{4EDBFD42-4B25-4FFE-9C54-0E0913C12A64}.Debug|Any CPU.ActiveCfg = Debug|Any CPU
		{4EDBFD42-4B25-4FFE-9C54-0E0913C12A64}.Debug|Any CPU.Build.0 = Debug|Any CPU
		{4EDBFD42-4B25-4FFE-9C54-0E0913C12A64}.Release|Any CPU.ActiveCfg = Release|Any CPU
		{4EDBFD42-4B25-4FFE-9C54-0E0913C12A64}.Release|Any CPU.Build.0 = Release|Any CPU
		{5499131E-699F-4899-A5AB-FE1DC6AB8BA4}.Debug|Any CPU.ActiveCfg = Debug|Any CPU
		{5499131E-699F-4899-A5AB-FE1DC6AB8BA4}.Debug|Any CPU.Build.0 = Debug|Any CPU
		{5499131E-699F-4899-A5AB-FE1DC6AB8BA4}.Release|Any CPU.ActiveCfg = Release|Any CPU
		{5499131E-699F-4899-A5AB-FE1DC6AB8BA4}.Release|Any CPU.Build.0 = Release|Any CPU
		{14226046-788E-444C-91E1-4924D72801D5}.Debug|Any CPU.ActiveCfg = Debug|Any CPU
		{14226046-788E-444C-91E1-4924D72801D5}.Debug|Any CPU.Build.0 = Debug|Any CPU
		{14226046-788E-444C-91E1-4924D72801D5}.Release|Any CPU.ActiveCfg = Release|Any CPU
		{14226046-788E-444C-91E1-4924D72801D5}.Release|Any CPU.Build.0 = Release|Any CPU
		{405B1874-FFB4-48A9-B9D9-B85E10A87F3D}.Debug|Any CPU.ActiveCfg = Debug|Any CPU
		{405B1874-FFB4-48A9-B9D9-B85E10A87F3D}.Debug|Any CPU.Build.0 = Debug|Any CPU
		{405B1874-FFB4-48A9-B9D9-B85E10A87F3D}.Release|Any CPU.ActiveCfg = Release|Any CPU
		{405B1874-FFB4-48A9-B9D9-B85E10A87F3D}.Release|Any CPU.Build.0 = Release|Any CPU
		{41C1F29A-F06B-4B91-9BFA-9319766EC9BE}.Debug|Any CPU.ActiveCfg = Debug|Any CPU
		{41C1F29A-F06B-4B91-9BFA-9319766EC9BE}.Debug|Any CPU.Build.0 = Debug|Any CPU
		{41C1F29A-F06B-4B91-9BFA-9319766EC9BE}.Release|Any CPU.ActiveCfg = Release|Any CPU
		{41C1F29A-F06B-4B91-9BFA-9319766EC9BE}.Release|Any CPU.Build.0 = Release|Any CPU
	EndGlobalSection
	GlobalSection(SolutionProperties) = preSolution
		HideSolutionNode = FALSE
	EndGlobalSection
	GlobalSection(ExtensibilityGlobals) = postSolution
		SolutionGuid = {1A83E516-4F12-4365-9FF2-01CAD66EB42D}
	EndGlobalSection
EndGlobal
